
Microsoft Visual Studio Solution File, Format Version 12.00
# Visual Studio Version 17
VisualStudioVersion = 17.9.34616.47
MinimumVisualStudioVersion = 10.0.40219.1
Project("{9A19103F-16F7-4668-BE54-9A1E7A4F7556}") = "UtilLux.Core", "UtilLux.Core\UtilLux.Core.csproj", "{A914AD7C-B230-42D7-A27E-06B20C4A2774}"
EndProject
Project("{9A19103F-16F7-4668-BE54-9A1E7A4F7556}") = "UtilLux.Windows", "UtilLux.Windows\UtilLux.Windows.csproj", "{991AE0F9-BF30-4BFC-B6FB-282404B7B734}"
EndProject
Project("{9A19103F-16F7-4668-BE54-9A1E7A4F7556}") = "UtilLux", "UtilLux\UtilLux.csproj", "{4AA59105-E166-40A0-84F4-CAE090F1A791}"
EndProject
Project("{9A19103F-16F7-4668-BE54-9A1E7A4F7556}") = "UtilLux.Build", "build\UtilLux.Build.csproj", "{D9144B77-98AE-4072-AAE2-560CFDCD8A77}"
EndProject
Project("{B7DD6F7E-DEF8-4E67-B5B7-07EF123DB6F0}") = "UtilLux.Windows.Installer", "UtilLux.Windows.Installer\UtilLux.Windows.Installer.wixproj", "{286C5C23-D374-4C61-9B12-A5EE05438A97}"
EndProject
Project("{9A19103F-16F7-4668-BE54-9A1E7A4F7556}") = "UtilLux.App.Core", "UtilLux.App.Core\UtilLux.App.Core.csproj", "{80286FF8-DE8E-4A02-8786-F46DF108C3E0}"
EndProject
Project("{9A19103F-16F7-4668-BE54-9A1E7A4F7556}") = "UtilLux.App", "UtilLux.App\UtilLux.App.csproj", "{4DEF6CBF-8A30-49F8-9485-0FE2857B412F}"
EndProject
Project("{2150E333-8FDC-42A3-9474-1A3956D46DE8}") = "Solution Items", "Solution Items", "{668354FD-F11A-4175-BAA2-B39EAE754EEE}"
	ProjectSection(SolutionItems) = preProject
		.gitignore = .gitignore
		version = version
	EndProjectSection
EndProject
Project("{FAE04EC0-301F-11D3-BF4B-00C04F79EFBC}") = "UtilLux.Tests", "UtilLux.Tests\UtilLux.Tests.csproj", "{835C2DC6-770D-467E-A29F-73425D482C94}"
EndProject
Global
	GlobalSection(SolutionConfigurationPlatforms) = preSolution
		Debug|Any CPU = Debug|Any CPU
		Debug|ARM64 = Debug|ARM64
		Debug|x64 = Debug|x64
		Debug|x86 = Debug|x86
		Release|Any CPU = Release|Any CPU
		Release|ARM64 = Release|ARM64
		Release|x64 = Release|x64
		Release|x86 = Release|x86
	EndGlobalSection
	GlobalSection(ProjectConfigurationPlatforms) = postSolution
		{A914AD7C-B230-42D7-A27E-06B20C4A2774}.Debug|Any CPU.ActiveCfg = Debug|x64
		{A914AD7C-B230-42D7-A27E-06B20C4A2774}.Debug|Any CPU.Build.0 = Debug|x64
		{A914AD7C-B230-42D7-A27E-06B20C4A2774}.Debug|ARM64.ActiveCfg = Debug|Any CPU
		{A914AD7C-B230-42D7-A27E-06B20C4A2774}.Debug|ARM64.Build.0 = Debug|Any CPU
		{A914AD7C-B230-42D7-A27E-06B20C4A2774}.Debug|x64.ActiveCfg = Debug|Any CPU
		{A914AD7C-B230-42D7-A27E-06B20C4A2774}.Debug|x64.Build.0 = Debug|Any CPU
		{A914AD7C-B230-42D7-A27E-06B20C4A2774}.Debug|x86.ActiveCfg = Debug|Any CPU
		{A914AD7C-B230-42D7-A27E-06B20C4A2774}.Debug|x86.Build.0 = Debug|Any CPU
		{A914AD7C-B230-42D7-A27E-06B20C4A2774}.Release|Any CPU.ActiveCfg = Release|Any CPU
		{A914AD7C-B230-42D7-A27E-06B20C4A2774}.Release|Any CPU.Build.0 = Release|Any CPU
		{A914AD7C-B230-42D7-A27E-06B20C4A2774}.Release|ARM64.ActiveCfg = Release|Any CPU
		{A914AD7C-B230-42D7-A27E-06B20C4A2774}.Release|ARM64.Build.0 = Release|Any CPU
		{A914AD7C-B230-42D7-A27E-06B20C4A2774}.Release|x64.ActiveCfg = Release|Any CPU
		{A914AD7C-B230-42D7-A27E-06B20C4A2774}.Release|x64.Build.0 = Release|Any CPU
		{A914AD7C-B230-42D7-A27E-06B20C4A2774}.Release|x86.ActiveCfg = Release|Any CPU
		{A914AD7C-B230-42D7-A27E-06B20C4A2774}.Release|x86.Build.0 = Release|Any CPU
		{991AE0F9-BF30-4BFC-B6FB-282404B7B734}.Debug|Any CPU.ActiveCfg = Debug|x64
		{991AE0F9-BF30-4BFC-B6FB-282404B7B734}.Debug|Any CPU.Build.0 = Debug|x64
		{991AE0F9-BF30-4BFC-B6FB-282404B7B734}.Debug|ARM64.ActiveCfg = Debug|Any CPU
		{991AE0F9-BF30-4BFC-B6FB-282404B7B734}.Debug|ARM64.Build.0 = Debug|Any CPU
		{991AE0F9-BF30-4BFC-B6FB-282404B7B734}.Debug|x64.ActiveCfg = Debug|Any CPU
		{991AE0F9-BF30-4BFC-B6FB-282404B7B734}.Debug|x64.Build.0 = Debug|Any CPU
		{991AE0F9-BF30-4BFC-B6FB-282404B7B734}.Debug|x86.ActiveCfg = Debug|Any CPU
		{991AE0F9-BF30-4BFC-B6FB-282404B7B734}.Debug|x86.Build.0 = Debug|Any CPU
		{991AE0F9-BF30-4BFC-B6FB-282404B7B734}.Release|Any CPU.ActiveCfg = Release|Any CPU
		{991AE0F9-BF30-4BFC-B6FB-282404B7B734}.Release|Any CPU.Build.0 = Release|Any CPU
		{991AE0F9-BF30-4BFC-B6FB-282404B7B734}.Release|ARM64.ActiveCfg = Release|Any CPU
		{991AE0F9-BF30-4BFC-B6FB-282404B7B734}.Release|ARM64.Build.0 = Release|Any CPU
		{991AE0F9-BF30-4BFC-B6FB-282404B7B734}.Release|x64.ActiveCfg = Release|Any CPU
		{991AE0F9-BF30-4BFC-B6FB-282404B7B734}.Release|x64.Build.0 = Release|Any CPU
		{991AE0F9-BF30-4BFC-B6FB-282404B7B734}.Release|x86.ActiveCfg = Release|Any CPU
		{991AE0F9-BF30-4BFC-B6FB-282404B7B734}.Release|x86.Build.0 = Release|Any CPU
		{4AA59105-E166-40A0-84F4-CAE090F1A791}.Debug|Any CPU.ActiveCfg = Debug|x64
		{4AA59105-E166-40A0-84F4-CAE090F1A791}.Debug|Any CPU.Build.0 = Debug|x64
		{4AA59105-E166-40A0-84F4-CAE090F1A791}.Debug|ARM64.ActiveCfg = Debug|Any CPU
		{4AA59105-E166-40A0-84F4-CAE090F1A791}.Debug|ARM64.Build.0 = Debug|Any CPU
		{4AA59105-E166-40A0-84F4-CAE090F1A791}.Debug|x64.ActiveCfg = Debug|Any CPU
		{4AA59105-E166-40A0-84F4-CAE090F1A791}.Debug|x64.Build.0 = Debug|Any CPU
		{4AA59105-E166-40A0-84F4-CAE090F1A791}.Debug|x86.ActiveCfg = Debug|Any CPU
		{4AA59105-E166-40A0-84F4-CAE090F1A791}.Debug|x86.Build.0 = Debug|Any CPU
		{4AA59105-E166-40A0-84F4-CAE090F1A791}.Release|Any CPU.ActiveCfg = Release|Any CPU
		{4AA59105-E166-40A0-84F4-CAE090F1A791}.Release|Any CPU.Build.0 = Release|Any CPU
		{4AA59105-E166-40A0-84F4-CAE090F1A791}.Release|ARM64.ActiveCfg = Release|Any CPU
		{4AA59105-E166-40A0-84F4-CAE090F1A791}.Release|ARM64.Build.0 = Release|Any CPU
		{4AA59105-E166-40A0-84F4-CAE090F1A791}.Release|x64.ActiveCfg = Release|Any CPU
		{4AA59105-E166-40A0-84F4-CAE090F1A791}.Release|x64.Build.0 = Release|Any CPU
		{4AA59105-E166-40A0-84F4-CAE090F1A791}.Release|x86.ActiveCfg = Release|Any CPU
		{4AA59105-E166-40A0-84F4-CAE090F1A791}.Release|x86.Build.0 = Release|Any CPU
		{D9144B77-98AE-4072-AAE2-560CFDCD8A77}.Debug|Any CPU.ActiveCfg = Debug|Any CPU
		{D9144B77-98AE-4072-AAE2-560CFDCD8A77}.Debug|Any CPU.Build.0 = Debug|Any CPU
		{D9144B77-98AE-4072-AAE2-560CFDCD8A77}.Debug|ARM64.ActiveCfg = Debug|Any CPU
		{D9144B77-98AE-4072-AAE2-560CFDCD8A77}.Debug|ARM64.Build.0 = Debug|Any CPU
		{D9144B77-98AE-4072-AAE2-560CFDCD8A77}.Debug|x64.ActiveCfg = Debug|Any CPU
		{D9144B77-98AE-4072-AAE2-560CFDCD8A77}.Debug|x64.Build.0 = Debug|Any CPU
		{D9144B77-98AE-4072-AAE2-560CFDCD8A77}.Debug|x86.ActiveCfg = Debug|Any CPU
		{D9144B77-98AE-4072-AAE2-560CFDCD8A77}.Debug|x86.Build.0 = Debug|Any CPU
		{D9144B77-98AE-4072-AAE2-560CFDCD8A77}.Release|Any CPU.ActiveCfg = Release|Any CPU
		{D9144B77-98AE-4072-AAE2-560CFDCD8A77}.Release|ARM64.ActiveCfg = Release|Any CPU
		{D9144B77-98AE-4072-AAE2-560CFDCD8A77}.Release|ARM64.Build.0 = Release|Any CPU
		{D9144B77-98AE-4072-AAE2-560CFDCD8A77}.Release|x64.ActiveCfg = Release|Any CPU
		{D9144B77-98AE-4072-AAE2-560CFDCD8A77}.Release|x64.Build.0 = Release|Any CPU
		{D9144B77-98AE-4072-AAE2-560CFDCD8A77}.Release|x86.ActiveCfg = Release|Any CPU
		{D9144B77-98AE-4072-AAE2-560CFDCD8A77}.Release|x86.Build.0 = Release|Any CPU
		{286C5C23-D374-4C61-9B12-A5EE05438A97}.Debug|Any CPU.ActiveCfg = Debug|x64
		{286C5C23-D374-4C61-9B12-A5EE05438A97}.Debug|Any CPU.Build.0 = Debug|x64
		{286C5C23-D374-4C61-9B12-A5EE05438A97}.Debug|ARM64.ActiveCfg = Debug|ARM64
		{286C5C23-D374-4C61-9B12-A5EE05438A97}.Debug|ARM64.Build.0 = Debug|ARM64
		{286C5C23-D374-4C61-9B12-A5EE05438A97}.Debug|x64.ActiveCfg = Debug|x64
		{286C5C23-D374-4C61-9B12-A5EE05438A97}.Debug|x64.Build.0 = Debug|x64
		{286C5C23-D374-4C61-9B12-A5EE05438A97}.Debug|x86.ActiveCfg = Debug|x86
		{286C5C23-D374-4C61-9B12-A5EE05438A97}.Debug|x86.Build.0 = Debug|x86
		{286C5C23-D374-4C61-9B12-A5EE05438A97}.Release|Any CPU.ActiveCfg = Release|x64
		{286C5C23-D374-4C61-9B12-A5EE05438A97}.Release|Any CPU.Build.0 = Release|x64
		{286C5C23-D374-4C61-9B12-A5EE05438A97}.Release|ARM64.ActiveCfg = Release|ARM64
		{286C5C23-D374-4C61-9B12-A5EE05438A97}.Release|ARM64.Build.0 = Release|ARM64
		{286C5C23-D374-4C61-9B12-A5EE05438A97}.Release|x64.ActiveCfg = Release|x64
		{286C5C23-D374-4C61-9B12-A5EE05438A97}.Release|x64.Build.0 = Release|x64
		{286C5C23-D374-4C61-9B12-A5EE05438A97}.Release|x86.ActiveCfg = Release|x86
		{286C5C23-D374-4C61-9B12-A5EE05438A97}.Release|x86.Build.0 = Release|x86
		{80286FF8-DE8E-4A02-8786-F46DF108C3E0}.Debug|Any CPU.ActiveCfg = Debug|x64
		{80286FF8-DE8E-4A02-8786-F46DF108C3E0}.Debug|Any CPU.Build.0 = Debug|x64
		{80286FF8-DE8E-4A02-8786-F46DF108C3E0}.Debug|ARM64.ActiveCfg = Debug|Any CPU
		{80286FF8-DE8E-4A02-8786-F46DF108C3E0}.Debug|ARM64.Build.0 = Debug|Any CPU
		{80286FF8-DE8E-4A02-8786-F46DF108C3E0}.Debug|x64.ActiveCfg = Debug|Any CPU
		{80286FF8-DE8E-4A02-8786-F46DF108C3E0}.Debug|x64.Build.0 = Debug|Any CPU
		{80286FF8-DE8E-4A02-8786-F46DF108C3E0}.Debug|x86.ActiveCfg = Debug|Any CPU
		{80286FF8-DE8E-4A02-8786-F46DF108C3E0}.Debug|x86.Build.0 = Debug|Any CPU
		{80286FF8-DE8E-4A02-8786-F46DF108C3E0}.Release|Any CPU.ActiveCfg = Release|Any CPU
		{80286FF8-DE8E-4A02-8786-F46DF108C3E0}.Release|Any CPU.Build.0 = Release|Any CPU
		{80286FF8-DE8E-4A02-8786-F46DF108C3E0}.Release|ARM64.ActiveCfg = Release|Any CPU
		{80286FF8-DE8E-4A02-8786-F46DF108C3E0}.Release|ARM64.Build.0 = Release|Any CPU
		{80286FF8-DE8E-4A02-8786-F46DF108C3E0}.Release|x64.ActiveCfg = Release|Any CPU
		{80286FF8-DE8E-4A02-8786-F46DF108C3E0}.Release|x64.Build.0 = Release|Any CPU
		{80286FF8-DE8E-4A02-8786-F46DF108C3E0}.Release|x86.ActiveCfg = Release|Any CPU
		{80286FF8-DE8E-4A02-8786-F46DF108C3E0}.Release|x86.Build.0 = Release|Any CPU
		{4DEF6CBF-8A30-49F8-9485-0FE2857B412F}.Debug|Any CPU.ActiveCfg = Debug|x64
		{4DEF6CBF-8A30-49F8-9485-0FE2857B412F}.Debug|Any CPU.Build.0 = Debug|x64
		{4DEF6CBF-8A30-49F8-9485-0FE2857B412F}.Debug|ARM64.ActiveCfg = Debug|Any CPU
		{4DEF6CBF-8A30-49F8-9485-0FE2857B412F}.Debug|ARM64.Build.0 = Debug|Any CPU
		{4DEF6CBF-8A30-49F8-9485-0FE2857B412F}.Debug|x64.ActiveCfg = Debug|Any CPU
		{4DEF6CBF-8A30-49F8-9485-0FE2857B412F}.Debug|x64.Build.0 = Debug|Any CPU
		{4DEF6CBF-8A30-49F8-9485-0FE2857B412F}.Debug|x86.ActiveCfg = Debug|Any CPU
		{4DEF6CBF-8A30-49F8-9485-0FE2857B412F}.Debug|x86.Build.0 = Debug|Any CPU
		{4DEF6CBF-8A30-49F8-9485-0FE2857B412F}.Release|Any CPU.ActiveCfg = Release|Any CPU
		{4DEF6CBF-8A30-49F8-9485-0FE2857B412F}.Release|Any CPU.Build.0 = Release|Any CPU
		{4DEF6CBF-8A30-49F8-9485-0FE2857B412F}.Release|ARM64.ActiveCfg = Release|Any CPU
		{4DEF6CBF-8A30-49F8-9485-0FE2857B412F}.Release|ARM64.Build.0 = Release|Any CPU
		{4DEF6CBF-8A30-49F8-9485-0FE2857B412F}.Release|x64.ActiveCfg = Release|Any CPU
		{4DEF6CBF-8A30-49F8-9485-0FE2857B412F}.Release|x64.Build.0 = Release|Any CPU
		{4DEF6CBF-8A30-49F8-9485-0FE2857B412F}.Release|x86.ActiveCfg = Release|Any CPU
		{4DEF6CBF-8A30-49F8-9485-0FE2857B412F}.Release|x86.Build.0 = Release|Any CPU
		{835C2DC6-770D-467E-A29F-73425D482C94}.Debug|Any CPU.ActiveCfg = Debug|x64
		{835C2DC6-770D-467E-A29F-73425D482C94}.Debug|Any CPU.Build.0 = Debug|x64
		{835C2DC6-770D-467E-A29F-73425D482C94}.Debug|ARM64.ActiveCfg = Debug|ARM64
		{835C2DC6-770D-467E-A29F-73425D482C94}.Debug|ARM64.Build.0 = Debug|ARM64
		{835C2DC6-770D-467E-A29F-73425D482C94}.Debug|x64.ActiveCfg = Debug|x64
		{835C2DC6-770D-467E-A29F-73425D482C94}.Debug|x64.Build.0 = Debug|x64
		{835C2DC6-770D-467E-A29F-73425D482C94}.Debug|x86.ActiveCfg = Debug|x64
		{835C2DC6-770D-467E-A29F-73425D482C94}.Debug|x86.Build.0 = Debug|x64
		{835C2DC6-770D-467E-A29F-73425D482C94}.Release|Any CPU.ActiveCfg = Release|x64
		{835C2DC6-770D-467E-A29F-73425D482C94}.Release|Any CPU.Build.0 = Release|x64
		{835C2DC6-770D-467E-A29F-73425D482C94}.Release|ARM64.ActiveCfg = Release|ARM64
		{835C2DC6-770D-467E-A29F-73425D482C94}.Release|ARM64.Build.0 = Release|ARM64
		{835C2DC6-770D-467E-A29F-73425D482C94}.Release|x64.ActiveCfg = Release|x64
		{835C2DC6-770D-467E-A29F-73425D482C94}.Release|x64.Build.0 = Release|x64
		{835C2DC6-770D-467E-A29F-73425D482C94}.Release|x86.ActiveCfg = Release|x64
		{835C2DC6-770D-467E-A29F-73425D482C94}.Release|x86.Build.0 = Release|x64
	EndGlobalSection
	GlobalSection(SolutionProperties) = preSolution
		HideSolutionNode = FALSE
	EndGlobalSection
	GlobalSection(ExtensibilityGlobals) = postSolution
		SolutionGuid = {62BF4C4E-D501-45BB-AF13-37D68FA00034}
	EndGlobalSection
EndGlobal
